<?xml version="1.0" encoding="UTF-8" standalone="yes" ?>
<CodeBlocks_project_file>
	<FileVersion major="1" minor="6" />
	<Project>
		<Option title="asm2bin" />
		<Option pch_mode="0" />
		<Option compiler="gcc" />
		<Build>
			<Target title="default">
				<Option output="..\..\..\bin\asm2binx.exe" prefix_auto="0" extension_auto="0" />
				<Option object_output="..\temp" />
				<Option type="1" />
				<Option compiler="gcc" />
				<Option projectResourceIncludeDirsRelation="1" />
				<Compiler>
					<Add option="-march=pentium2" />
					<Add option="-O3" />
					<Add option="-D_UNICODE" />
					<Add option="-DUNICODE" />
				</Compiler>
				<Linker>
					<Add option="-s" />
				</Linker>
			</Target>
		</Build>
		<VirtualTargets>
			<Add alias="All" targets="default;" />
		</VirtualTargets>
		<Compiler>
			<Add option="-march=pentium2" />
			<Add option="-O3" />
			<Add option="-W" />
			<Add directory=".." />
			<Add directory="..\..\common" />
			<Add directory="..\..\engine" />
			<Add directory="..\..\elc" />
		</Compiler>
		<Linker>
			<Add option="-s" />
		</Linker>
		<Unit filename="..\asm2binx.cpp" />
		<Unit filename="..\assembler.h">
			<Option compile="1" />
			<Option link="1" />
			<Option target="&lt;{~None~}&gt;" />
		</Unit>
		<Unit filename="..\x86assembler.cpp" />
		<Unit filename="..\x86assembler.h">
			<Option compile="1" />
			<Option link="1" />
			<Option target="&lt;{~None~}&gt;" />
		</Unit>
		<Unit filename="..\x86jumphelper.cpp" />
		<Unit filename="..\x86jumphelper.h">
			<Option compile="1" />
			<Option link="1" />
			<Option target="&lt;{~None~}&gt;" />
		</Unit>
		<Unit filename="..\..\common\altstrings.cpp" />
		<Unit filename="..\..\common\altstrings.h">
			<Option compile="1" />
			<Option link="1" />
			<Option target="&lt;{~None~}&gt;" />
		</Unit>
		<Unit filename="..\..\common\common.h">
			<Option compile="1" />
			<Option link="1" />
			<Option target="&lt;{~None~}&gt;" />
		</Unit>
		<Unit filename="..\..\common\dump.cpp" />
		<Unit filename="..\..\common\dump.h">
			<Option target="&lt;{~None~}&gt;" />
		</Unit>
		<Unit filename="..\..\common\files.cpp" />
		<Unit filename="..\..\common\files.h">
			<Option compile="1" />
			<Option link="1" />
			<Option target="&lt;{~None~}&gt;" />
		</Unit>
		<Unit filename="..\..\common\lists.h">
			<Option compile="1" />
			<Option link="1" />
			<Option target="&lt;{~None~}&gt;" />
		</Unit>
		<Unit filename="..\..\common\streams.h">
			<Option compile="1" />
			<Option link="1" />
			<Option target="&lt;{~None~}&gt;" />
		</Unit>
		<Unit filename="..\..\common\tools.h">
			<Option compile="1" />
			<Option link="1" />
			<Option target="&lt;{~None~}&gt;" />
		</Unit>
		<Unit filename="..\..\elc\dfa.h">
			<Option compile="1" />
			<Option link="1" />
			<Option target="&lt;{~None~}&gt;" />
		</Unit>
		<Unit filename="..\..\elc\source.cpp" />
		<Unit filename="..\..\elc\source.h">
			<Option compile="1" />
			<Option link="1" />
			<Option target="&lt;{~None~}&gt;" />
		</Unit>
		<Unit filename="..\..\engine\elena.h">
			<Option target="&lt;{~None~}&gt;" />
		</Unit>
		<Unit filename="..\..\engine\elenaconst.h">
			<Option target="&lt;{~None~}&gt;" />
		</Unit>
		<Unit filename="..\..\engine\module.cpp" />
		<Unit filename="..\..\engine\module.h">
			<Option target="&lt;{~None~}&gt;" />
		</Unit>
		<Unit filename="..\..\engine\section.cpp" />
		<Unit filename="..\..\engine\section.h">
			<Option target="&lt;{~None~}&gt;" />
		</Unit>
		<Unit filename="..\..\engine\win32\x86helper.cpp" />
		<Unit filename="..\..\engine\win32\x86helper.h">
			<Option target="&lt;{~None~}&gt;" />
		</Unit>
		<Extensions>
			<code_completion />
			<debugger />
		</Extensions>
	</Project>
</CodeBlocks_project_file>
