<?xml version="1.0" encoding="UTF-8" standalone="yes" ?>
<CodeBlocks_project_file>
	<FileVersion major="1" minor="6" />
	<Project>
		<Option title="sg" />
		<Option pch_mode="0" />
		<Option compiler="gcc" />
		<Build>
			<Target title="default">
				<Option output="..\..\..\bin\sg.exe" prefix_auto="0" extension_auto="0" />
				<Option object_output="..\temp" />
				<Option type="1" />
				<Option compiler="gcc" />
				<Option parameters="D:\Alex\PROJECTS\elena.2\dat\sg\syntax.txt" />
				<Option projectResourceIncludeDirsRelation="1" />
				<Compiler>
					<Add option="-march=i686" />
					<Add option="-O3" />
					<Add option="-D_UNICODE" />
					<Add option="-DUNICODE" />
					<Add directory=".." />
					<Add directory="..\..\common" />
					<Add directory="..\..\engine" />
					<Add directory="..\..\elc" />
				</Compiler>
				<Linker>
					<Add option="-s" />
				</Linker>
			</Target>
		</Build>
		<VirtualTargets>
			<Add alias="All" targets="default;" />
		</VirtualTargets>
		<Compiler>
			<Add option="-march=pentium2" />
			<Add option="-O3" />
			<Add option="-W" />
		</Compiler>
		<Linker>
			<Add option="-s" />
		</Linker>
		<Unit filename="..\..\common\altstrings.cpp" />
		<Unit filename="..\..\common\altstrings.h">
			<Option compile="1" />
			<Option link="1" />
			<Option target="&lt;{~None~}&gt;" />
		</Unit>
		<Unit filename="..\..\common\common.h">
			<Option compile="1" />
			<Option link="1" />
			<Option target="&lt;{~None~}&gt;" />
		</Unit>
		<Unit filename="..\..\common\config.cpp" />
		<Unit filename="..\..\common\config.h">
			<Option compile="1" />
			<Option link="1" />
			<Option target="&lt;{~None~}&gt;" />
		</Unit>
		<Unit filename="..\..\common\dump.cpp" />
		<Unit filename="..\..\common\dump.h" />
		<Unit filename="..\..\common\files.cpp" />
		<Unit filename="..\..\common\files.h">
			<Option compile="1" />
			<Option link="1" />
			<Option target="&lt;{~None~}&gt;" />
		</Unit>
		<Unit filename="..\..\common\lists.h">
			<Option compile="1" />
			<Option link="1" />
			<Option target="&lt;{~None~}&gt;" />
		</Unit>
		<Unit filename="..\..\common\streams.h">
			<Option compile="1" />
			<Option link="1" />
			<Option target="&lt;{~None~}&gt;" />
		</Unit>
		<Unit filename="..\..\common\tools.h">
			<Option compile="1" />
			<Option link="1" />
			<Option target="&lt;{~None~}&gt;" />
		</Unit>
		<Unit filename="..\..\elc\parsertable.cpp" />
		<Unit filename="..\..\elc\parsertable.h">
			<Option compile="1" />
			<Option link="1" />
			<Option target="&lt;{~None~}&gt;" />
		</Unit>
		<Unit filename="..\..\elc\source.cpp" />
		<Unit filename="..\..\elc\source.h">
			<Option compile="1" />
			<Option link="1" />
			<Option target="&lt;{~None~}&gt;" />
		</Unit>
		<Unit filename="..\sg.cpp" />
		<Extensions>
			<code_completion />
			<debugger />
		</Extensions>
	</Project>
</CodeBlocks_project_file>
